
Microsoft Visual Studio Solution File, Format Version 12.00
# Visual Studio Version 16
VisualStudioVersion = 16.0.28803.156
MinimumVisualStudioVersion = 10.0.40219.1
Project("{9A19103F-16F7-4668-BE54-9A1E7A4F7556}") = "ActionLanguage", "ActionLanguage\ActionLanguage.csproj", "{17F82244-9FA8-4B04-85F0-9B1D0654CD26}"
	ProjectSection(ProjectDependencies) = postProject
		{61AFEA77-0276-4DCF-983F-589E6AF31258} = {61AFEA77-0276-4DCF-983F-589E6AF31258}
	EndProjectSection
EndProject
Project("{9A19103F-16F7-4668-BE54-9A1E7A4F7556}") = "BaseUtils", "BaseUtilities\BaseUtilities\BaseUtils.csproj", "{C657C881-F3E1-45BA-ACA5-966348010414}"
EndProject
Project("{9A19103F-16F7-4668-BE54-9A1E7A4F7556}") = "Audio", "BaseUtilities\Audio\Audio.csproj", "{59F99A05-CE16-4FB8-BE99-F1A24F019CB8}"
EndProject
Project("{9A19103F-16F7-4668-BE54-9A1E7A4F7556}") = "ExtendedControls", "ExtendedControls\ExtendedControls\ExtendedControls.csproj", "{2049403F-F4C7-45E6-B777-6390C78E4D2B}"
	ProjectSection(ProjectDependencies) = postProject
		{61AFEA77-0276-4DCF-983F-589E6AF31258} = {61AFEA77-0276-4DCF-983F-589E6AF31258}
	EndProjectSection
EndProject
Project("{9A19103F-16F7-4668-BE54-9A1E7A4F7556}") = "ExtendedForms", "ExtendedControls\ExtendedForms\ExtendedForms.csproj", "{298C11C9-B58F-415C-8458-1CAE3C6CAB62}"
	ProjectSection(ProjectDependencies) = postProject
		{61AFEA77-0276-4DCF-983F-589E6AF31258} = {61AFEA77-0276-4DCF-983F-589E6AF31258}
	EndProjectSection
EndProject
Project("{9A19103F-16F7-4668-BE54-9A1E7A4F7556}") = "BaseUtils.WinForms", "BaseUtilities\BaseUtils.WinForms\BaseUtils.WinForms.csproj", "{61AFEA77-0276-4DCF-983F-589E6AF31258}"
	ProjectSection(ProjectDependencies) = postProject
		{C657C881-F3E1-45BA-ACA5-966348010414} = {C657C881-F3E1-45BA-ACA5-966348010414}
	EndProjectSection
EndProject
Project("{9A19103F-16F7-4668-BE54-9A1E7A4F7556}") = "ActionLanguage.WinForms", "ActionLanguage.WinForms\ActionLanguage.WinForms.csproj", "{F32D1FBE-5DD0-49B3-B5C8-DDAA9BA2E723}"
EndProject
Global
	GlobalSection(SolutionConfigurationPlatforms) = preSolution
		Debug|Any CPU = Debug|Any CPU
		Release|Any CPU = Release|Any CPU
	EndGlobalSection
	GlobalSection(ProjectConfigurationPlatforms) = postSolution
		{17F82244-9FA8-4B04-85F0-9B1D0654CD26}.Debug|Any CPU.ActiveCfg = Debug|Any CPU
		{17F82244-9FA8-4B04-85F0-9B1D0654CD26}.Debug|Any CPU.Build.0 = Debug|Any CPU
		{17F82244-9FA8-4B04-85F0-9B1D0654CD26}.Release|Any CPU.ActiveCfg = Release|Any CPU
		{17F82244-9FA8-4B04-85F0-9B1D0654CD26}.Release|Any CPU.Build.0 = Release|Any CPU
		{C657C881-F3E1-45BA-ACA5-966348010414}.Debug|Any CPU.ActiveCfg = Debug|Any CPU
		{C657C881-F3E1-45BA-ACA5-966348010414}.Debug|Any CPU.Build.0 = Debug|Any CPU
		{C657C881-F3E1-45BA-ACA5-966348010414}.Release|Any CPU.ActiveCfg = Release|Any CPU
		{C657C881-F3E1-45BA-ACA5-966348010414}.Release|Any CPU.Build.0 = Release|Any CPU
		{59F99A05-CE16-4FB8-BE99-F1A24F019CB8}.Debug|Any CPU.ActiveCfg = Debug|Any CPU
		{59F99A05-CE16-4FB8-BE99-F1A24F019CB8}.Debug|Any CPU.Build.0 = Debug|Any CPU
		{59F99A05-CE16-4FB8-BE99-F1A24F019CB8}.Release|Any CPU.ActiveCfg = Release|Any CPU
		{59F99A05-CE16-4FB8-BE99-F1A24F019CB8}.Release|Any CPU.Build.0 = Release|Any CPU
		{2049403F-F4C7-45E6-B777-6390C78E4D2B}.Debug|Any CPU.ActiveCfg = Debug|Any CPU
		{2049403F-F4C7-45E6-B777-6390C78E4D2B}.Debug|Any CPU.Build.0 = Debug|Any CPU
		{2049403F-F4C7-45E6-B777-6390C78E4D2B}.Release|Any CPU.ActiveCfg = Release|Any CPU
		{2049403F-F4C7-45E6-B777-6390C78E4D2B}.Release|Any CPU.Build.0 = Release|Any CPU
		{298C11C9-B58F-415C-8458-1CAE3C6CAB62}.Debug|Any CPU.ActiveCfg = Debug|Any CPU
		{298C11C9-B58F-415C-8458-1CAE3C6CAB62}.Debug|Any CPU.Build.0 = Debug|Any CPU
		{298C11C9-B58F-415C-8458-1CAE3C6CAB62}.Release|Any CPU.ActiveCfg = Release|Any CPU
		{298C11C9-B58F-415C-8458-1CAE3C6CAB62}.Release|Any CPU.Build.0 = Release|Any CPU
		{61AFEA77-0276-4DCF-983F-589E6AF31258}.Debug|Any CPU.ActiveCfg = Debug|Any CPU
		{61AFEA77-0276-4DCF-983F-589E6AF31258}.Debug|Any CPU.Build.0 = Debug|Any CPU
		{61AFEA77-0276-4DCF-983F-589E6AF31258}.Release|Any CPU.ActiveCfg = Release|Any CPU
		{61AFEA77-0276-4DCF-983F-589E6AF31258}.Release|Any CPU.Build.0 = Release|Any CPU
		{F32D1FBE-5DD0-49B3-B5C8-DDAA9BA2E723}.Debug|Any CPU.ActiveCfg = Debug|Any CPU
		{F32D1FBE-5DD0-49B3-B5C8-DDAA9BA2E723}.Debug|Any CPU.Build.0 = Debug|Any CPU
		{F32D1FBE-5DD0-49B3-B5C8-DDAA9BA2E723}.Release|Any CPU.ActiveCfg = Release|Any CPU
		{F32D1FBE-5DD0-49B3-B5C8-DDAA9BA2E723}.Release|Any CPU.Build.0 = Release|Any CPU
	EndGlobalSection
	GlobalSection(SolutionProperties) = preSolution
		HideSolutionNode = FALSE
	EndGlobalSection
	GlobalSection(ExtensibilityGlobals) = postSolution
		SolutionGuid = {012C0F80-1022-4526-BA18-84EBB1C1D893}
	EndGlobalSection
EndGlobal
